
Microsoft Visual Studio Solution File, Format Version 12.00
# Visual Studio Version 17
VisualStudioVersion = 17.7.34031.279
MinimumVisualStudioVersion = 10.0.40219.1
Project("{FAE04EC0-301F-11D3-BF4B-00C04F79EFBC}") = "Coursework", "Coursework\Coursework.csproj", "{6BF4EBDA-8834-4729-B2A5-37340B50318C}"
EndProject
Global
	GlobalSection(SolutionConfigurationPlatforms) = preSolution
		Debug|Any CPU = Debug|Any CPU
		Release|Any CPU = Release|Any CPU
	EndGlobalSection
	GlobalSection(ProjectConfigurationPlatforms) = postSolution
		{6BF4EBDA-8834-4729-B2A5-37340B50318C}.Debug|Any CPU.ActiveCfg = Debug|Any CPU
		{6BF4EBDA-8834-4729-B2A5-37340B50318C}.Debug|Any CPU.Build.0 = Debug|Any CPU
		{6BF4EBDA-8834-4729-B2A5-37340B50318C}.Release|Any CPU.ActiveCfg = Release|Any CPU
		{6BF4EBDA-8834-4729-B2A5-37340B50318C}.Release|Any CPU.Build.0 = Release|Any CPU
	EndGlobalSection
	GlobalSection(SolutionProperties) = preSolution
		HideSolutionNode = FALSE
	EndGlobalSection
	GlobalSection(ExtensibilityGlobals) = postSolution
		SolutionGuid = {58C2E078-AA9F-4519-A5AA-8D7870624AF7}
	EndGlobalSection
EndGlobal
